
Microsoft Visual Studio Solution File, Format Version 12.00
# Visual Studio 15
VisualStudioVersion = 15.0.26124.0
MinimumVisualStudioVersion = 15.0.26124.0
Project("{2150E333-8FDC-42A3-9474-1A3956D46DE8}") = "src", "src", "{D577072B-BA02-4466-A03A-41C3C52E37E3}"
EndProject
Project("{FAE04EC0-301F-11D3-BF4B-00C04F79EFBC}") = "SimpleAPI", "src\SimpleAPI\SimpleAPI.csproj", "{20333D54-9445-4358-AABC-A7A8C918A937}"
EndProject
Project("{2150E333-8FDC-42A3-9474-1A3956D46DE8}") = "test", "test", "{D27313E6-8DF0-4424-A005-3C46F58DB689}"
EndProject
Project("{FAE04EC0-301F-11D3-BF4B-00C04F79EFBC}") = "SimpleAPI.Test", "test\SimpleAPI.Test\SimpleAPI.Test.csproj", "{53B1CEC7-C57A-4943-BFBD-CFCE20330568}"
EndProject
Global
	GlobalSection(SolutionConfigurationPlatforms) = preSolution
		Debug|Any CPU = Debug|Any CPU
		Debug|x64 = Debug|x64
		Debug|x86 = Debug|x86
		Release|Any CPU = Release|Any CPU
		Release|x64 = Release|x64
		Release|x86 = Release|x86
	EndGlobalSection
	GlobalSection(SolutionProperties) = preSolution
		HideSolutionNode = FALSE
	EndGlobalSection
	GlobalSection(ProjectConfigurationPlatforms) = postSolution
		{20333D54-9445-4358-AABC-A7A8C918A937}.Debug|Any CPU.ActiveCfg = Debug|Any CPU
		{20333D54-9445-4358-AABC-A7A8C918A937}.Debug|Any CPU.Build.0 = Debug|Any CPU
		{20333D54-9445-4358-AABC-A7A8C918A937}.Debug|x64.ActiveCfg = Debug|Any CPU
		{20333D54-9445-4358-AABC-A7A8C918A937}.Debug|x64.Build.0 = Debug|Any CPU
		{20333D54-9445-4358-AABC-A7A8C918A937}.Debug|x86.ActiveCfg = Debug|Any CPU
		{20333D54-9445-4358-AABC-A7A8C918A937}.Debug|x86.Build.0 = Debug|Any CPU
		{20333D54-9445-4358-AABC-A7A8C918A937}.Release|Any CPU.ActiveCfg = Release|Any CPU
		{20333D54-9445-4358-AABC-A7A8C918A937}.Release|Any CPU.Build.0 = Release|Any CPU
		{20333D54-9445-4358-AABC-A7A8C918A937}.Release|x64.ActiveCfg = Release|Any CPU
		{20333D54-9445-4358-AABC-A7A8C918A937}.Release|x64.Build.0 = Release|Any CPU
		{20333D54-9445-4358-AABC-A7A8C918A937}.Release|x86.ActiveCfg = Release|Any CPU
		{20333D54-9445-4358-AABC-A7A8C918A937}.Release|x86.Build.0 = Release|Any CPU
		{53B1CEC7-C57A-4943-BFBD-CFCE20330568}.Debug|Any CPU.ActiveCfg = Debug|Any CPU
		{53B1CEC7-C57A-4943-BFBD-CFCE20330568}.Debug|Any CPU.Build.0 = Debug|Any CPU
		{53B1CEC7-C57A-4943-BFBD-CFCE20330568}.Debug|x64.ActiveCfg = Debug|Any CPU
		{53B1CEC7-C57A-4943-BFBD-CFCE20330568}.Debug|x64.Build.0 = Debug|Any CPU
		{53B1CEC7-C57A-4943-BFBD-CFCE20330568}.Debug|x86.ActiveCfg = Debug|Any CPU
		{53B1CEC7-C57A-4943-BFBD-CFCE20330568}.Debug|x86.Build.0 = Debug|Any CPU
		{53B1CEC7-C57A-4943-BFBD-CFCE20330568}.Release|Any CPU.ActiveCfg = Release|Any CPU
		{53B1CEC7-C57A-4943-BFBD-CFCE20330568}.Release|Any CPU.Build.0 = Release|Any CPU
		{53B1CEC7-C57A-4943-BFBD-CFCE20330568}.Release|x64.ActiveCfg = Release|Any CPU
		{53B1CEC7-C57A-4943-BFBD-CFCE20330568}.Release|x64.Build.0 = Release|Any CPU
		{53B1CEC7-C57A-4943-BFBD-CFCE20330568}.Release|x86.ActiveCfg = Release|Any CPU
		{53B1CEC7-C57A-4943-BFBD-CFCE20330568}.Release|x86.Build.0 = Release|Any CPU
	EndGlobalSection
	GlobalSection(NestedProjects) = preSolution
		{20333D54-9445-4358-AABC-A7A8C918A937} = {D577072B-BA02-4466-A03A-41C3C52E37E3}
		{53B1CEC7-C57A-4943-BFBD-CFCE20330568} = {D27313E6-8DF0-4424-A005-3C46F58DB689}
	EndGlobalSection
EndGlobal
